# Generated by conda-lock.
# platform: linux-64
# input_hash: 65d0be7ebbb599979111dab58001fae20e5379b5301da88212b68e6058348601
@EXPLICIT
https://repo.anaconda.com/pkgs/main/linux-64/_libgcc_mutex-0.1-main.conda#c3473ff8bdb3d124ed5ff11ec380d6f9
https://repo.anaconda.com/pkgs/main/linux-64/blas-1.0-openblas.conda#9ddfcaef10d79366c90128f5dc444be8
https://repo.anaconda.com/pkgs/main/linux-64/ca-certificates-2025.11.4-h06a4308_0.conda#f04cd5aa67216b77e8f664bb4c7098a4
https://repo.anaconda.com/pkgs/main/noarch/tzdata-2025b-h04d1e81_0.conda#1d027393db3427ab22a02aa44a56f143
https://repo.anaconda.com/pkgs/main/linux-64/ld_impl_linux-64-2.44-h153f514_2.conda#dffdc9a0e09d04051d4bd758e104f4b3
https://repo.anaconda.com/pkgs/main/linux-64/libgomp-15.2.0-h4751f2c_7.conda#82025ed6da944bd419d42d9b1ff116aa
https://repo.anaconda.com/pkgs/main/linux-64/_openmp_mutex-5.1-1_gnu.conda#71d281e9c2192cb3fa425655a8defb85
https://repo.anaconda.com/pkgs/main/linux-64/libgcc-15.2.0-h69a1729_7.conda#01fb1b8725fc7f66312b9d409758917a
https://repo.anaconda.com/pkgs/main/linux-64/libgcc-ng-15.2.0-h166f726_7.conda#2783efb2502b9caa7f08e25fd54df899
https://repo.anaconda.com/pkgs/main/linux-64/libgfortran5-15.2.0-hc633d37_7.conda#78b0f996039e81b01b72b06005bcf4d5
https://repo.anaconda.com/pkgs/main/linux-64/libstdcxx-15.2.0-h39759b7_7.conda#7dc7ec61ceea5de17f3e2c4c5f442fc6
https://repo.anaconda.com/pkgs/main/linux-64/bzip2-1.0.8-h5eee18b_6.conda#f21a3ff51c1b271977f53ce956a69297
https://repo.anaconda.com/pkgs/main/linux-64/libgfortran-15.2.0-h166f726_7.conda#52c23eb64400224f6a46c7439bbbddce
https://repo.anaconda.com/pkgs/main/linux-64/libnsl-2.0.0-h5eee18b_0.conda#55e3f1b0c2a70454cdf1a5d64fb44752
https://repo.anaconda.com/pkgs/main/linux-64/libstdcxx-ng-15.2.0-hc03a8fd_7.conda#cf200522c0b13d64bf81035358d05f5b
https://repo.anaconda.com/pkgs/main/linux-64/libuuid-1.41.5-h5eee18b_0.conda#4a6a2354414c9080327274aa514e5299
https://repo.anaconda.com/pkgs/main/linux-64/libzlib-1.3.1-hb25bd0a_0.conda#338ee51e19ee211b7fc994d4ba88c631
https://repo.anaconda.com/pkgs/main/linux-64/ncurses-6.5-h7934f7d_0.conda#0abfc090299da4bb031b84c64309757b
https://repo.anaconda.com/pkgs/main/linux-64/openssl-3.0.18-hd6dcaed_0.conda#3762b8999909b69745881cf4b8dd2816
https://repo.anaconda.com/pkgs/main/linux-64/pthread-stubs-0.3-h0ce48e5_1.conda#973a642312d2a28927aaf5b477c67250
https://repo.anaconda.com/pkgs/main/linux-64/xorg-libxau-1.0.12-h9b100fa_0.conda#a8005a9f6eb903e113cd5363e8a11459
https://repo.anaconda.com/pkgs/main/linux-64/xorg-libxdmcp-1.1.5-h9b100fa_0.conda#c284a09ddfba81d9c4e740110f09ea06
https://repo.anaconda.com/pkgs/main/linux-64/xorg-xorgproto-2024.1-h5eee18b_1.conda#412a0d97a7a51d23326e57226189da92
https://repo.anaconda.com/pkgs/main/linux-64/xz-5.6.4-h5eee18b_1.conda#3581505fa450962d631bd82b8616350e
https://repo.anaconda.com/pkgs/main/linux-64/yaml-0.2.5-h7b6447c_0.conda#39fdbf4db769e494ffb06d95680c83d8
https://repo.anaconda.com/pkgs/main/linux-64/expat-2.7.3-h3385a95_0.conda#105822d24b4de9055e705a7d76549416
https://repo.anaconda.com/pkgs/main/linux-64/libffi-3.4.4-h6a678d5_1.conda#70646cc713f0c43926cfdcfe9b695fe0
https://repo.anaconda.com/pkgs/main/linux-64/libgfortran-ng-15.2.0-h166f726_7.conda#7ec53b6e26052cbd81a768da1c037c0e
https://repo.anaconda.com/pkgs/main/linux-64/libxcb-1.17.0-h9b100fa_0.conda#fdf0d380fa3809a301e2dbc0d5183883
https://repo.anaconda.com/pkgs/main/linux-64/lz4-c-1.9.4-h6a678d5_1.conda#2ee58861f2b92b868ce761abb831819d
https://repo.anaconda.com/pkgs/main/linux-64/readline-8.3-hc2a1206_0.conda#8578e006d4ef5cb98a6cda232b3490f6
https://repo.anaconda.com/pkgs/main/linux-64/zlib-1.3.1-hb25bd0a_0.conda#9f3a877e5e0fa0fb39253a59ff824861
https://repo.anaconda.com/pkgs/main/linux-64/libopenblas-0.3.30-h46f56fc_2.conda#d034d1566a03e464b350eea50a39fe40
https://repo.anaconda.com/pkgs/main/linux-64/sqlite-3.51.0-h2a70700_0.conda#99a4278be9c6901ee6989b24fd213240
https://repo.anaconda.com/pkgs/main/linux-64/xorg-libx11-1.8.12-h9b100fa_1.conda#6298b27afae6f49f03765b2a03df2fcb
https://repo.anaconda.com/pkgs/main/linux-64/zstd-1.5.7-h11fc155_0.conda#93b0e546434bfb874aeefd6bb6cf40bb
https://repo.anaconda.com/pkgs/main/linux-64/dbus-1.16.2-h5bd4931_0.conda#4c4aef417b613e7111d90cf2348b231a
https://repo.anaconda.com/pkgs/main/linux-64/tk-8.6.15-h54e0aa7_0.conda#1fa91e0c4fc9c9435eda3f1a25a676fd
https://repo.anaconda.com/pkgs/main/linux-64/python-3.11.14-h6fa692b_0.conda#e140164db54305ebfaf96b85861db312
https://repo.anaconda.com/pkgs/main/linux-64/annotated-types-0.6.0-py311h06a4308_1.conda#c33d924b938d118ae0aa5702613f3e5e
https://repo.anaconda.com/pkgs/main/noarch/appdirs-1.4.4-pyhd3eb1b0_0.conda#5673d98d06171cb6eed03a6736845c4d
https://repo.anaconda.com/pkgs/main/linux-64/backports.tarfile-1.2.0-py311h06a4308_0.conda#9bd87f979c098bf2ea4d0982912d3c5e
https://repo.anaconda.com/pkgs/main/linux-64/boltons-25.0.0-py311h06a4308_0.conda#2185b2cf3d3758d02913f94d57d5aaaa
https://repo.anaconda.com/pkgs/main/linux-64/certifi-2025.11.12-py311h06a4308_0.conda#879c887960a227987464b426839cd8cb
https://repo.anaconda.com/pkgs/main/linux-64/charset-normalizer-3.4.4-py311h06a4308_0.conda#51b7dbb1f117100919581377de78d354
https://repo.anaconda.com/pkgs/main/linux-64/click-8.2.1-py311h06a4308_0.conda#461c5fd42d53e99a20fc54286046d044
https://repo.anaconda.com/pkgs/main/linux-64/crashtest-0.4.1-py311h06a4308_1.conda#71d706f1f434a8c3f19a5a58a494fa9a
https://repo.anaconda.com/pkgs/main/linux-64/distlib-0.4.0-py311hee96239_0.conda#07eafef4c625c8376915f830d6fedbcd
https://repo.anaconda.com/pkgs/main/linux-64/filelock-3.20.0-py311h06a4308_0.conda#43dcf4f10c59d80c209050fc7cf3c4cb
https://repo.anaconda.com/pkgs/main/linux-64/idna-3.11-py311h06a4308_0.conda#bdf5e2e716dc36f443d3973d73a3dea7
https://repo.anaconda.com/pkgs/main/noarch/jeepney-0.7.1-pyhd3eb1b0_0.conda#f115ef0af90b59f35ef56743955979a4
https://repo.anaconda.com/pkgs/main/linux-64/markupsafe-3.0.2-py311h5eee18b_0.conda#42511bb05fa3d128bd6f669a074467a8
https://repo.anaconda.com/pkgs/main/linux-64/more-itertools-10.8.0-py311h06a4308_0.conda#3cf4c9d723114e2f2e06e102a50a45bd
https://repo.anaconda.com/pkgs/main/linux-64/msgpack-python-1.1.1-py311h6a678d5_0.conda#678d765067fa1fe718141e78fa1868ee
https://repo.anaconda.com/pkgs/main/linux-64/numpy-base-2.3.5-py311h4bc27c9_0.conda#cc87ec22ac38dbab049a27e3f45d5db8
https://repo.anaconda.com/pkgs/main/linux-64/packaging-25.0-py311h06a4308_1.conda#1193172ed9b43ea79f35a54ba9d4a653
https://repo.anaconda.com/pkgs/main/linux-64/pkginfo-1.12.0-py311h06a4308_0.conda#4b8d47374d83f2039550e159ea0b5da2
https://repo.anaconda.com/pkgs/main/linux-64/platformdirs-4.5.0-py311h06a4308_0.conda#081c1f09204d5edb6812d51908651d3b
https://repo.anaconda.com/pkgs/main/linux-64/pycparser-2.23-py311h06a4308_0.conda#3ff47f4fb6f32096507de753e14dff4c
https://repo.anaconda.com/pkgs/main/linux-64/pyproject_hooks-1.2.0-py311h06a4308_1.conda#c83c688edd6371e00b91090f26d9919f
https://repo.anaconda.com/pkgs/main/linux-64/pysocks-1.7.1-py311h06a4308_1.conda#b0d362cbfdc96e25d894505cc2a9b0b1
https://repo.anaconda.com/pkgs/main/linux-64/python-fastjsonschema-2.21.2-py311h06a4308_0.conda#0b6b37e6b63ea034bf8c3a78bcf9cf29
https://repo.anaconda.com/pkgs/main/noarch/python-installer-0.7.0-pyhd3eb1b0_1.conda#e6e9eebc3f5a566edd993f3de7f21e01
https://repo.anaconda.com/pkgs/main/noarch/python-tzdata-2025.2-pyhd3eb1b0_0.conda#5ac858f05dbf9d3cdb04d53516901247
https://repo.anaconda.com/pkgs/main/linux-64/pytz-2025.2-py311h06a4308_0.conda#ad31c6f4b7b1195cc69ad549fc09c939
https://repo.anaconda.com/pkgs/main/linux-64/pyyaml-6.0.3-py311h591646f_0.conda#c40361e70cccc5a3fa57dc05032fb9cc
https://repo.anaconda.com/pkgs/main/linux-64/ruamel.yaml.clib-0.2.14-py311h4aee224_0.conda#bf272a916888a5ab5aa6a3e51e392740
https://repo.anaconda.com/pkgs/main/linux-64/semver-3.0.4-py311h06a4308_0.conda#4d29130f1a8c412644dccd2c5f8c4b4b
https://repo.anaconda.com/pkgs/main/linux-64/setuptools-80.9.0-py311h06a4308_0.conda#fcc6f2df1e4da9bc315e59c526432a9f
https://repo.anaconda.com/pkgs/main/linux-64/shellingham-1.5.4-py311h06a4308_0.conda#e87c0676fa72660899176011ce7aba3b
https://repo.anaconda.com/pkgs/main/linux-64/six-1.17.0-py311h06a4308_0.conda#8bc537721b06c41c1e820ba179b376fd
https://repo.anaconda.com/pkgs/main/linux-64/smmap-5.0.2-py311h06a4308_0.conda#2dfbcc2335326b0c259afa58bc28f43a
https://repo.anaconda.com/pkgs/main/linux-64/tomlkit-0.13.3-py311h06a4308_0.conda#64c7202e6613e06016d248cf08b20fde
https://repo.anaconda.com/pkgs/main/linux-64/trove-classifiers-2025.5.9.12-py311h06a4308_0.conda#d22c5dd99e687b20fcf6ed4c419272ea
https://repo.anaconda.com/pkgs/main/linux-64/typing_extensions-4.15.0-py311h06a4308_0.conda#6e49e3fcb2aabdfb061454822eff04c2
https://repo.anaconda.com/pkgs/main/linux-64/wheel-0.45.1-py311h06a4308_0.conda#7b4e94840008c93c945377afd3629a1c
https://repo.anaconda.com/pkgs/main/linux-64/zipp-3.23.0-py311h06a4308_0.conda#cb4fea91b912537880db96022e099b6a
https://repo.anaconda.com/pkgs/main/linux-64/cffi-2.0.0-py311h4eded50_1.conda#cffda1144d78afad4a1f1da9fa535b8c
https://repo.anaconda.com/pkgs/main/linux-64/click-default-group-1.2.2-py311h06a4308_0.conda#6d15c5383bd67509b4369c48ef5cdc42
https://repo.anaconda.com/pkgs/main/linux-64/gitdb-4.0.12-py311h06a4308_0.conda#20956899f7cb4263d9e43a63e95c4107
https://repo.anaconda.com/pkgs/main/linux-64/importlib-metadata-8.7.0-py311h06a4308_0.conda#2c77768c51177d57bd9b8c62ce4267d9
https://repo.anaconda.com/pkgs/main/linux-64/jaraco.classes-3.4.0-py311h06a4308_0.conda#fed69e932dfae6bf5c6a9fcc4d045e04
https://repo.anaconda.com/pkgs/main/linux-64/jaraco.context-6.0.0-py311h06a4308_0.conda#a48af1d9d4778b6e972bbdb593727bd1
https://repo.anaconda.com/pkgs/main/linux-64/jaraco.functools-4.1.0-py311h06a4308_0.conda#af61652f6127c8aaf234df0a85c6f597
https://repo.anaconda.com/pkgs/main/linux-64/jinja2-3.1.6-py311h06a4308_0.conda#c0f497b47ddf3b127dd2620bd184d8b3
https://repo.anaconda.com/pkgs/main/linux-64/numpy-2.3.5-py311h35d6838_0.conda#17d186f446bd152e4d5a7ee56f26ed99
https://repo.anaconda.com/pkgs/main/noarch/pip-25.3-pyhc872135_0.conda#f713912a259ec613b3832c3bc842e9d4
https://repo.anaconda.com/pkgs/main/linux-64/python-build-1.3.0-py311h06a4308_1.conda#3fe5d015aacda4717c3950a0654dc28b
https://repo.anaconda.com/pkgs/main/linux-64/python-dateutil-2.9.0post0-py311h06a4308_2.conda#486d4dbc1cd7e10dd4ebcace78db7cfe
https://repo.anaconda.com/pkgs/main/linux-64/ruamel.yaml-0.18.16-py311h4aee224_0.conda#101a4498c3e8355261bdcca4291127d7
https://repo.anaconda.com/pkgs/main/linux-64/typing-extensions-4.15.0-py311h06a4308_0.conda#6963d52e40d715b1c38e75dabd88f70d
https://repo.anaconda.com/pkgs/main/linux-64/typing-inspection-0.4.2-py311h06a4308_0.conda#8136b7624d508286f4a9edf81435cbca
https://repo.anaconda.com/pkgs/main/linux-64/virtualenv-20.28.0-py311h06a4308_0.conda#3d1d8e2de4ea024c1bd226e79134e527
https://repo.anaconda.com/pkgs/main/linux-64/bottleneck-1.4.2-py311haa0f9ac_1.conda#074769657781230c4a7d9cb5f7519991
https://repo.anaconda.com/pkgs/main/linux-64/brotlicffi-1.1.0.0-py311hbdd6827_0.conda#14b34394cb8853ab53aaf7f8e542350b
https://repo.anaconda.com/pkgs/main/linux-64/cryptography-46.0.3-py311h0a354b3_0.conda#a352c1f7e0d0c747285573c39cba8637
https://repo.anaconda.com/pkgs/main/linux-64/gitpython-3.1.45-py311h06a4308_0.conda#1ce52c69daa145e05fb20203fa57b6d0
https://repo.anaconda.com/pkgs/main/linux-64/numexpr-2.14.1-py311ha5a4a6c_0.conda#4a84259fb112d928a0a6a942b1a3a12d
https://repo.anaconda.com/pkgs/main/linux-64/pydantic-core-2.41.4-py311h498d7c9_0.conda#aead56b34d1e286166aed3676bd328e7
https://repo.anaconda.com/pkgs/main/linux-64/zstandard-0.24.0-py311h3d778a8_0.conda#9f304156864132b17e5ce4dafeab286b
https://repo.anaconda.com/pkgs/main/linux-64/pandas-2.3.3-py311h23c847b_1.conda#68177454ff3a927f638c2ce063b41c32
https://repo.anaconda.com/pkgs/main/linux-64/pydantic-2.12.3-py311h06a4308_1.conda#ae6af2d22b7cae69f34ae7b6aa523818
https://repo.anaconda.com/pkgs/main/linux-64/secretstorage-3.4.0-py311h3e8c6aa_0.conda#3e2462a9343f5b81ca92c84cd3e1394d
https://repo.anaconda.com/pkgs/main/linux-64/urllib3-2.5.0-py311h06a4308_0.conda#81f4b593566fcce81a49aebc3eb25d19
https://repo.anaconda.com/pkgs/main/linux-64/dulwich-0.22.7-py311h4aa5aa6_0.conda#06e60d4ce9c797e49b29c31cfb0a8f97
https://repo.anaconda.com/pkgs/main/linux-64/keyring-25.7.0-py311h06a4308_0.conda#933357eb7c34f4d70b365656af6e4517
https://repo.anaconda.com/pkgs/main/linux-64/requests-2.32.5-py311h06a4308_1.conda#93597221edc48623782a25a1af3e5c18
https://repo.anaconda.com/pkgs/main/linux-64/cachecontrol-0.14.3-py311h06a4308_0.conda#049569b17dda841af639082643d4a09f
https://repo.anaconda.com/pkgs/main/linux-64/ensureconda-1.4.7-py311h06a4308_0.conda#d56d52df5d6533d914486c2d09ddb69f
https://repo.anaconda.com/pkgs/main/linux-64/requests-toolbelt-1.0.0-py311h06a4308_0.conda#53b9b999d06502302fcabedc60184654
https://repo.anaconda.com/pkgs/main/linux-64/cachecontrol-with-filecache-0.14.3-py311h06a4308_0.conda#4fb1b18159a4bc3938c111a3b848007f
https://repo.anaconda.com/pkgs/main/linux-64/conda-lock-3.0.4-py311h06a4308_0.conda#e5716650f25fe67371a819674239c312
